
Microsoft Visual Studio Solution File, Format Version 11.00
# Visual Studio 2010
Project("{FAE04EC0-301F-11D3-BF4B-00C04F79EFBC}") = "IoCContainer", "IoCContainer\IoCContainer.csproj", "{0BF7DFA5-5BF7-4A70-88DB-E5BD67789EF0}"
EndProject
Global
	GlobalSection(SolutionConfigurationPlatforms) = preSolution
		Debug|Any CPU = Debug|Any CPU
		Release|Any CPU = Release|Any CPU
	EndGlobalSection
	GlobalSection(ProjectConfigurationPlatforms) = postSolution
		{0BF7DFA5-5BF7-4A70-88DB-E5BD67789EF0}.Debug|Any CPU.ActiveCfg = Debug|Any CPU
		{0BF7DFA5-5BF7-4A70-88DB-E5BD67789EF0}.Debug|Any CPU.Build.0 = Debug|Any CPU
		{0BF7DFA5-5BF7-4A70-88DB-E5BD67789EF0}.Release|Any CPU.ActiveCfg = Release|Any CPU
		{0BF7DFA5-5BF7-4A70-88DB-E5BD67789EF0}.Release|Any CPU.Build.0 = Release|Any CPU
	EndGlobalSection
	GlobalSection(SolutionProperties) = preSolution
		HideSolutionNode = FALSE
	EndGlobalSection
EndGlobal
